
Microsoft Visual Studio Solution File, Format Version 12.00
# Visual Studio Version 16
VisualStudioVersion = 16.0.31515.178
MinimumVisualStudioVersion = 10.0.40219.1
Project("{9A19103F-16F7-4668-BE54-9A1E7A4F7556}") = "M001_Grundlagen", "M001_Grundlagen\M001_Grundlagen.csproj", "{8DFEA93C-1CC1-4B12-BFBA-D1C9B1566EEA}"
EndProject
Project("{2150E333-8FDC-42A3-9474-1A3956D46DE8}") = "M001", "M001", "{18FA347E-39EB-4287-8566-FAACF81A2E22}"
EndProject
Project("{9A19103F-16F7-4668-BE54-9A1E7A4F7556}") = "M001_Lab", "M001_Lab\M001_Lab.csproj", "{8D69C735-FBDC-4468-BEE3-C42E9414FF5A}"
EndProject
Project("{2150E333-8FDC-42A3-9474-1A3956D46DE8}") = "M002", "M002", "{99160DC0-740E-498E-82D2-91EB7CB29AD2}"
EndProject
Project("{9A19103F-16F7-4668-BE54-9A1E7A4F7556}") = "M02_Controls", "M02_Controls\M02_Controls.csproj", "{8F9B8922-3CA2-4284-94E7-5B2A93BB3FDB}"
EndProject
Project("{9A19103F-16F7-4668-BE54-9A1E7A4F7556}") = "M02_Lab", "M02_Lab\M02_Lab.csproj", "{40D229BF-5034-44FC-9056-39B79AC86EEB}"
EndProject
Project("{2150E333-8FDC-42A3-9474-1A3956D46DE8}") = "M003", "M003", "{652D6340-AEAB-4150-9EDA-4C52FC956B91}"
EndProject
Project("{9A19103F-16F7-4668-BE54-9A1E7A4F7556}") = "M03_Layoutcontainer_Demo", "M03_Layoutcontainer_Demo\M03_Layoutcontainer_Demo.csproj", "{330851F7-E6E1-47CA-B87E-4E82C2634522}"
EndProject
Project("{9A19103F-16F7-4668-BE54-9A1E7A4F7556}") = "M03_Lab", "M03_Lab\M03_Lab.csproj", "{A8D58612-D555-41C5-9084-EC87EFDA48EC}"
EndProject
Project("{2150E333-8FDC-42A3-9474-1A3956D46DE8}") = "M004", "M004", "{C61A79DC-3993-47E2-BEA3-8111EF8DD58A}"
EndProject
Project("{9A19103F-16F7-4668-BE54-9A1E7A4F7556}") = "M04_EventRouting", "M04_EventRouting\M04_EventRouting.csproj", "{69382E74-0C82-4F30-9637-3CA5CC5D46DB}"
EndProject
Project("{9A19103F-16F7-4668-BE54-9A1E7A4F7556}") = "M04_Lab", "M04_Lab\M04_Lab.csproj", "{E5B293C6-DDB3-4028-B4D9-DB45E3B5A430}"
EndProject
Project("{2150E333-8FDC-42A3-9474-1A3956D46DE8}") = "Spielwiese", "Spielwiese", "{A7113732-EF8F-4352-B108-8419466020B2}"
EndProject
Project("{9A19103F-16F7-4668-BE54-9A1E7A4F7556}") = "DrawLine", "DrawLine\DrawLine.csproj", "{90C81732-D5B6-47D4-A00F-DFFE34E92683}"
EndProject
Project("{2150E333-8FDC-42A3-9474-1A3956D46DE8}") = "M005", "M005", "{6827BF56-B678-4FCA-9DB1-E9B67AC7AF1D}"
EndProject
Project("{9A19103F-16F7-4668-BE54-9A1E7A4F7556}") = "M05_PropertyBinding", "M05_PropertyBinding\M05_PropertyBinding.csproj", "{673AED22-470C-421D-872F-83275C06ED83}"
EndProject
Project("{9A19103F-16F7-4668-BE54-9A1E7A4F7556}") = "M05_Lab", "M05_Lab\M05_Lab.csproj", "{28097E31-BD98-41D5-8C46-3DDBC9E9F404}"
EndProject
Project("{2150E333-8FDC-42A3-9474-1A3956D46DE8}") = "M006", "M006", "{CF0C3E26-D2BF-4F2D-BE8F-6192DEA69D9C}"
EndProject
Project("{9A19103F-16F7-4668-BE54-9A1E7A4F7556}") = "M06_DataBinding", "M06_DataBinding\M06_DataBinding.csproj", "{B4079278-081D-445E-9C51-64F8F3EDCFD3}"
EndProject
Project("{9A19103F-16F7-4668-BE54-9A1E7A4F7556}") = "M06_Lab", "M06_Lab\M06_Lab.csproj", "{F346BF7E-5A76-4098-B8F8-AEA067A64730}"
EndProject
Project("{2150E333-8FDC-42A3-9474-1A3956D46DE8}") = "M007", "M007", "{2C57F240-C78D-4828-8383-68E7926D38B9}"
EndProject
Project("{9A19103F-16F7-4668-BE54-9A1E7A4F7556}") = "M07_Resources_Styles", "M07_Resources_Styles\M07_Resources_Styles.csproj", "{1214557A-DC04-444D-B7AE-AE57667FA963}"
EndProject
Project("{9A19103F-16F7-4668-BE54-9A1E7A4F7556}") = "M07_Lab", "M07_Lab\M07_Lab.csproj", "{0621B07C-D376-4DE0-83E3-C6A9E2C3B68D}"
EndProject
Project("{2150E333-8FDC-42A3-9474-1A3956D46DE8}") = "M008", "M008", "{78792446-84E5-4682-A0A1-4475BF8F62CA}"
EndProject
Project("{9A19103F-16F7-4668-BE54-9A1E7A4F7556}") = "M08_Templates", "M08_Templates\M08_Templates.csproj", "{820E89E3-7171-4865-BA56-64E071E5FE0B}"
EndProject
Project("{9A19103F-16F7-4668-BE54-9A1E7A4F7556}") = "M08_Lab", "M08_Lab\M08_Lab.csproj", "{4C66395A-A31B-4A0A-B07C-699F7493DC5D}"
EndProject
Project("{9A19103F-16F7-4668-BE54-9A1E7A4F7556}") = "MultiThreading", "MultiThreading\MultiThreading.csproj", "{DFA45A17-674A-492A-9A22-334123697E05}"
EndProject
Project("{2150E333-8FDC-42A3-9474-1A3956D46DE8}") = "M009", "M009", "{8E38AA6C-C9BE-4D2B-AFBD-7E0BC056A368}"
EndProject
Project("{9A19103F-16F7-4668-BE54-9A1E7A4F7556}") = "M09_Validation", "M09_Validation\M09_Validation.csproj", "{9F3249A5-ED21-4DC0-A571-32AD748A317C}"
EndProject
Project("{9A19103F-16F7-4668-BE54-9A1E7A4F7556}") = "M09_Lab", "M09_Lab\M09_Lab.csproj", "{3CBC284E-F413-44A6-9347-FEF4EF2A9E49}"
EndProject
Project("{2150E333-8FDC-42A3-9474-1A3956D46DE8}") = "M010", "M010", "{449CF71C-25A7-4659-B3EF-501800D6F1BD}"
EndProject
Project("{9A19103F-16F7-4668-BE54-9A1E7A4F7556}") = "M10_Triggers", "M10_Triggers\M10_Triggers.csproj", "{0D6CE28B-8B0D-4290-9DEF-AA62CA186008}"
EndProject
Project("{9A19103F-16F7-4668-BE54-9A1E7A4F7556}") = "M10_Lab", "M10_Lab\M10_Lab.csproj", "{C6682F93-E6B6-45AA-9842-CF4F670C444D}"
EndProject
Project("{2150E333-8FDC-42A3-9474-1A3956D46DE8}") = "M011", "M011", "{8E7EB415-F54D-41BF-A418-FCB4D03C3B67}"
EndProject
Project("{9A19103F-16F7-4668-BE54-9A1E7A4F7556}") = "M11_UserControls", "M11_UserControls\M11_UserControls.csproj", "{0A6CD27B-DF4D-4D2F-ABF0-C273622CF745}"
EndProject
Project("{9A19103F-16F7-4668-BE54-9A1E7A4F7556}") = "M11_UserControls2", "M11_UserControls2\M11_UserControls2.csproj", "{5E86468E-7D83-4DB0-917E-6761810F675B}"
EndProject
Project("{9A19103F-16F7-4668-BE54-9A1E7A4F7556}") = "M11_Lab", "M11_Lab\M11_Lab.csproj", "{E4D886F2-D5DB-4EE3-AE54-7684FAB4CC9B}"
EndProject
Project("{9A19103F-16F7-4668-BE54-9A1E7A4F7556}") = "M11_Lib", "M11_Lib\M11_Lib.csproj", "{B962BCBB-CD7E-460B-960A-16E618A1982A}"
EndProject
Project("{2150E333-8FDC-42A3-9474-1A3956D46DE8}") = "M012", "M012", "{B651FF06-8DC4-4A7C-9DFA-6D6E83E98E2B}"
EndProject
Project("{9A19103F-16F7-4668-BE54-9A1E7A4F7556}") = "M12_RelativeSources", "M12_RelativeSources\M12_RelativeSources.csproj", "{F465C887-2474-44EF-BD83-5D31DF8EB435}"
EndProject
Project("{9A19103F-16F7-4668-BE54-9A1E7A4F7556}") = "M12_Lab", "M12_Lab\M12_Lab.csproj", "{C2002D70-A632-4146-891E-A91EDA745766}"
EndProject
Project("{9A19103F-16F7-4668-BE54-9A1E7A4F7556}") = "M11_UserControls3", "M11_UserControls3\M11_UserControls3.csproj", "{5804F320-DBCF-4EBF-B8D5-0A0087BBCC99}"
EndProject
Project("{2150E333-8FDC-42A3-9474-1A3956D46DE8}") = "M013", "M013", "{EAF55CA1-D02B-4DBC-8504-10DD4A9344E1}"
EndProject
Project("{2150E333-8FDC-42A3-9474-1A3956D46DE8}") = "M014", "M014", "{43099A48-F006-4E3D-AC6E-B1846143E760}"
EndProject
Project("{9A19103F-16F7-4668-BE54-9A1E7A4F7556}") = "M14_Lab", "M14_Lab\M14_Lab.csproj", "{994CEC5A-73E1-4653-BD4B-117F7ACC316D}"
EndProject
Project("{9A19103F-16F7-4668-BE54-9A1E7A4F7556}") = "M13_Commands", "M13_Commands\M13_Commands.csproj", "{E0B9DF17-D884-47BE-B824-3D2A36B5FD03}"
EndProject
Project("{2150E333-8FDC-42A3-9474-1A3956D46DE8}") = "MvvmDemo", "MvvmDemo", "{E669F14D-1C5B-478D-9CA8-3A4D4735807B}"
EndProject
Project("{9A19103F-16F7-4668-BE54-9A1E7A4F7556}") = "M14_View", "M14_View\M14_View.csproj", "{82070DC4-AF0E-4334-AE2C-BD441CE0CF40}"
EndProject
Project("{9A19103F-16F7-4668-BE54-9A1E7A4F7556}") = "M14_Model", "M14_Model\M14_Model.csproj", "{4EDFD002-9950-4349-B2D4-B6411BD773DD}"
EndProject
Project("{9A19103F-16F7-4668-BE54-9A1E7A4F7556}") = "M14_ViewModel", "M14_ViewModel\M14_ViewModel.csproj", "{9C13BD3D-6539-465D-B660-0451BC8765BC}"
EndProject
Project("{9A19103F-16F7-4668-BE54-9A1E7A4F7556}") = "M14_Model.Tests", "M14_Model.Tests\M14_Model.Tests.csproj", "{6550DAD7-F4C1-4BF5-8AB1-A4533DBCBE68}"
EndProject
Project("{2150E333-8FDC-42A3-9474-1A3956D46DE8}") = "PrismDemo", "PrismDemo", "{740A93CE-E48C-46F2-9C95-5A571051670A}"
EndProject
Project("{9A19103F-16F7-4668-BE54-9A1E7A4F7556}") = "M14_PrismDemo", "M14_PrismDemo\M14_PrismDemo.csproj", "{0C6CF580-15AE-4508-B11D-01DEB8D55173}"
EndProject
Project("{2150E333-8FDC-42A3-9474-1A3956D46DE8}") = "M015", "M015", "{0BB9ACB4-A330-42BE-A458-A63D004A11C4}"
EndProject
Project("{9A19103F-16F7-4668-BE54-9A1E7A4F7556}") = "M15_Localisation", "M15_Localisation\M15_Localisation.csproj", "{DE3AAD8A-56C6-4BC2-89C3-D12535C0949D}"
EndProject
Project("{2150E333-8FDC-42A3-9474-1A3956D46DE8}") = "M017", "M017", "{EEABF58B-400F-4FBE-A7C0-AB919B31C1E6}"
EndProject
Project("{9A19103F-16F7-4668-BE54-9A1E7A4F7556}") = "M17_Adorner", "M17_Adorner\M17_Adorner.csproj", "{0F2BE800-92B5-4B08-BBFF-A5DE237BD089}"
EndProject
Project("{2150E333-8FDC-42A3-9474-1A3956D46DE8}") = "M016", "M016", "{578EB4F0-936D-454B-914F-1F1FAD983204}"
EndProject
Project("{FAE04EC0-301F-11D3-BF4B-00C04F79EFBC}") = "M16_Animations", "M16_Animations\M16_Animations.csproj", "{B4CF4C97-D59D-4D54-84F0-6E7C37AFB8AB}"
EndProject
Global
	GlobalSection(SolutionConfigurationPlatforms) = preSolution
		Debug|Any CPU = Debug|Any CPU
		Release|Any CPU = Release|Any CPU
	EndGlobalSection
	GlobalSection(ProjectConfigurationPlatforms) = postSolution
		{8DFEA93C-1CC1-4B12-BFBA-D1C9B1566EEA}.Debug|Any CPU.ActiveCfg = Debug|Any CPU
		{8DFEA93C-1CC1-4B12-BFBA-D1C9B1566EEA}.Debug|Any CPU.Build.0 = Debug|Any CPU
		{8DFEA93C-1CC1-4B12-BFBA-D1C9B1566EEA}.Release|Any CPU.ActiveCfg = Release|Any CPU
		{8DFEA93C-1CC1-4B12-BFBA-D1C9B1566EEA}.Release|Any CPU.Build.0 = Release|Any CPU
		{8D69C735-FBDC-4468-BEE3-C42E9414FF5A}.Debug|Any CPU.ActiveCfg = Debug|Any CPU
		{8D69C735-FBDC-4468-BEE3-C42E9414FF5A}.Debug|Any CPU.Build.0 = Debug|Any CPU
		{8D69C735-FBDC-4468-BEE3-C42E9414FF5A}.Release|Any CPU.ActiveCfg = Release|Any CPU
		{8D69C735-FBDC-4468-BEE3-C42E9414FF5A}.Release|Any CPU.Build.0 = Release|Any CPU
		{8F9B8922-3CA2-4284-94E7-5B2A93BB3FDB}.Debug|Any CPU.ActiveCfg = Debug|Any CPU
		{8F9B8922-3CA2-4284-94E7-5B2A93BB3FDB}.Debug|Any CPU.Build.0 = Debug|Any CPU
		{8F9B8922-3CA2-4284-94E7-5B2A93BB3FDB}.Release|Any CPU.ActiveCfg = Release|Any CPU
		{8F9B8922-3CA2-4284-94E7-5B2A93BB3FDB}.Release|Any CPU.Build.0 = Release|Any CPU
		{40D229BF-5034-44FC-9056-39B79AC86EEB}.Debug|Any CPU.ActiveCfg = Debug|Any CPU
		{40D229BF-5034-44FC-9056-39B79AC86EEB}.Debug|Any CPU.Build.0 = Debug|Any CPU
		{40D229BF-5034-44FC-9056-39B79AC86EEB}.Release|Any CPU.ActiveCfg = Release|Any CPU
		{40D229BF-5034-44FC-9056-39B79AC86EEB}.Release|Any CPU.Build.0 = Release|Any CPU
		{330851F7-E6E1-47CA-B87E-4E82C2634522}.Debug|Any CPU.ActiveCfg = Debug|Any CPU
		{330851F7-E6E1-47CA-B87E-4E82C2634522}.Debug|Any CPU.Build.0 = Debug|Any CPU
		{330851F7-E6E1-47CA-B87E-4E82C2634522}.Release|Any CPU.ActiveCfg = Release|Any CPU
		{330851F7-E6E1-47CA-B87E-4E82C2634522}.Release|Any CPU.Build.0 = Release|Any CPU
		{A8D58612-D555-41C5-9084-EC87EFDA48EC}.Debug|Any CPU.ActiveCfg = Debug|Any CPU
		{A8D58612-D555-41C5-9084-EC87EFDA48EC}.Debug|Any CPU.Build.0 = Debug|Any CPU
		{A8D58612-D555-41C5-9084-EC87EFDA48EC}.Release|Any CPU.ActiveCfg = Release|Any CPU
		{A8D58612-D555-41C5-9084-EC87EFDA48EC}.Release|Any CPU.Build.0 = Release|Any CPU
		{69382E74-0C82-4F30-9637-3CA5CC5D46DB}.Debug|Any CPU.ActiveCfg = Debug|Any CPU
		{69382E74-0C82-4F30-9637-3CA5CC5D46DB}.Debug|Any CPU.Build.0 = Debug|Any CPU
		{69382E74-0C82-4F30-9637-3CA5CC5D46DB}.Release|Any CPU.ActiveCfg = Release|Any CPU
		{69382E74-0C82-4F30-9637-3CA5CC5D46DB}.Release|Any CPU.Build.0 = Release|Any CPU
		{E5B293C6-DDB3-4028-B4D9-DB45E3B5A430}.Debug|Any CPU.ActiveCfg = Debug|Any CPU
		{E5B293C6-DDB3-4028-B4D9-DB45E3B5A430}.Debug|Any CPU.Build.0 = Debug|Any CPU
		{E5B293C6-DDB3-4028-B4D9-DB45E3B5A430}.Release|Any CPU.ActiveCfg = Release|Any CPU
		{E5B293C6-DDB3-4028-B4D9-DB45E3B5A430}.Release|Any CPU.Build.0 = Release|Any CPU
		{90C81732-D5B6-47D4-A00F-DFFE34E92683}.Debug|Any CPU.ActiveCfg = Debug|Any CPU
		{90C81732-D5B6-47D4-A00F-DFFE34E92683}.Debug|Any CPU.Build.0 = Debug|Any CPU
		{90C81732-D5B6-47D4-A00F-DFFE34E92683}.Release|Any CPU.ActiveCfg = Release|Any CPU
		{90C81732-D5B6-47D4-A00F-DFFE34E92683}.Release|Any CPU.Build.0 = Release|Any CPU
		{673AED22-470C-421D-872F-83275C06ED83}.Debug|Any CPU.ActiveCfg = Debug|Any CPU
		{673AED22-470C-421D-872F-83275C06ED83}.Debug|Any CPU.Build.0 = Debug|Any CPU
		{673AED22-470C-421D-872F-83275C06ED83}.Release|Any CPU.ActiveCfg = Release|Any CPU
		{673AED22-470C-421D-872F-83275C06ED83}.Release|Any CPU.Build.0 = Release|Any CPU
		{28097E31-BD98-41D5-8C46-3DDBC9E9F404}.Debug|Any CPU.ActiveCfg = Debug|Any CPU
		{28097E31-BD98-41D5-8C46-3DDBC9E9F404}.Debug|Any CPU.Build.0 = Debug|Any CPU
		{28097E31-BD98-41D5-8C46-3DDBC9E9F404}.Release|Any CPU.ActiveCfg = Release|Any CPU
		{28097E31-BD98-41D5-8C46-3DDBC9E9F404}.Release|Any CPU.Build.0 = Release|Any CPU
		{B4079278-081D-445E-9C51-64F8F3EDCFD3}.Debug|Any CPU.ActiveCfg = Debug|Any CPU
		{B4079278-081D-445E-9C51-64F8F3EDCFD3}.Debug|Any CPU.Build.0 = Debug|Any CPU
		{B4079278-081D-445E-9C51-64F8F3EDCFD3}.Release|Any CPU.ActiveCfg = Release|Any CPU
		{B4079278-081D-445E-9C51-64F8F3EDCFD3}.Release|Any CPU.Build.0 = Release|Any CPU
		{F346BF7E-5A76-4098-B8F8-AEA067A64730}.Debug|Any CPU.ActiveCfg = Debug|Any CPU
		{F346BF7E-5A76-4098-B8F8-AEA067A64730}.Debug|Any CPU.Build.0 = Debug|Any CPU
		{F346BF7E-5A76-4098-B8F8-AEA067A64730}.Release|Any CPU.ActiveCfg = Release|Any CPU
		{F346BF7E-5A76-4098-B8F8-AEA067A64730}.Release|Any CPU.Build.0 = Release|Any CPU
		{1214557A-DC04-444D-B7AE-AE57667FA963}.Debug|Any CPU.ActiveCfg = Debug|Any CPU
		{1214557A-DC04-444D-B7AE-AE57667FA963}.Debug|Any CPU.Build.0 = Debug|Any CPU
		{1214557A-DC04-444D-B7AE-AE57667FA963}.Release|Any CPU.ActiveCfg = Release|Any CPU
		{1214557A-DC04-444D-B7AE-AE57667FA963}.Release|Any CPU.Build.0 = Release|Any CPU
		{0621B07C-D376-4DE0-83E3-C6A9E2C3B68D}.Debug|Any CPU.ActiveCfg = Debug|Any CPU
		{0621B07C-D376-4DE0-83E3-C6A9E2C3B68D}.Debug|Any CPU.Build.0 = Debug|Any CPU
		{0621B07C-D376-4DE0-83E3-C6A9E2C3B68D}.Release|Any CPU.ActiveCfg = Release|Any CPU
		{0621B07C-D376-4DE0-83E3-C6A9E2C3B68D}.Release|Any CPU.Build.0 = Release|Any CPU
		{820E89E3-7171-4865-BA56-64E071E5FE0B}.Debug|Any CPU.ActiveCfg = Debug|Any CPU
		{820E89E3-7171-4865-BA56-64E071E5FE0B}.Debug|Any CPU.Build.0 = Debug|Any CPU
		{820E89E3-7171-4865-BA56-64E071E5FE0B}.Release|Any CPU.ActiveCfg = Release|Any CPU
		{820E89E3-7171-4865-BA56-64E071E5FE0B}.Release|Any CPU.Build.0 = Release|Any CPU
		{4C66395A-A31B-4A0A-B07C-699F7493DC5D}.Debug|Any CPU.ActiveCfg = Debug|Any CPU
		{4C66395A-A31B-4A0A-B07C-699F7493DC5D}.Debug|Any CPU.Build.0 = Debug|Any CPU
		{4C66395A-A31B-4A0A-B07C-699F7493DC5D}.Release|Any CPU.ActiveCfg = Release|Any CPU
		{4C66395A-A31B-4A0A-B07C-699F7493DC5D}.Release|Any CPU.Build.0 = Release|Any CPU
		{DFA45A17-674A-492A-9A22-334123697E05}.Debug|Any CPU.ActiveCfg = Debug|Any CPU
		{DFA45A17-674A-492A-9A22-334123697E05}.Debug|Any CPU.Build.0 = Debug|Any CPU
		{DFA45A17-674A-492A-9A22-334123697E05}.Release|Any CPU.ActiveCfg = Release|Any CPU
		{DFA45A17-674A-492A-9A22-334123697E05}.Release|Any CPU.Build.0 = Release|Any CPU
		{9F3249A5-ED21-4DC0-A571-32AD748A317C}.Debug|Any CPU.ActiveCfg = Debug|Any CPU
		{9F3249A5-ED21-4DC0-A571-32AD748A317C}.Debug|Any CPU.Build.0 = Debug|Any CPU
		{9F3249A5-ED21-4DC0-A571-32AD748A317C}.Release|Any CPU.ActiveCfg = Release|Any CPU
		{9F3249A5-ED21-4DC0-A571-32AD748A317C}.Release|Any CPU.Build.0 = Release|Any CPU
		{3CBC284E-F413-44A6-9347-FEF4EF2A9E49}.Debug|Any CPU.ActiveCfg = Debug|Any CPU
		{3CBC284E-F413-44A6-9347-FEF4EF2A9E49}.Debug|Any CPU.Build.0 = Debug|Any CPU
		{3CBC284E-F413-44A6-9347-FEF4EF2A9E49}.Release|Any CPU.ActiveCfg = Release|Any CPU
		{3CBC284E-F413-44A6-9347-FEF4EF2A9E49}.Release|Any CPU.Build.0 = Release|Any CPU
		{0D6CE28B-8B0D-4290-9DEF-AA62CA186008}.Debug|Any CPU.ActiveCfg = Debug|Any CPU
		{0D6CE28B-8B0D-4290-9DEF-AA62CA186008}.Debug|Any CPU.Build.0 = Debug|Any CPU
		{0D6CE28B-8B0D-4290-9DEF-AA62CA186008}.Release|Any CPU.ActiveCfg = Release|Any CPU
		{0D6CE28B-8B0D-4290-9DEF-AA62CA186008}.Release|Any CPU.Build.0 = Release|Any CPU
		{C6682F93-E6B6-45AA-9842-CF4F670C444D}.Debug|Any CPU.ActiveCfg = Debug|Any CPU
		{C6682F93-E6B6-45AA-9842-CF4F670C444D}.Debug|Any CPU.Build.0 = Debug|Any CPU
		{C6682F93-E6B6-45AA-9842-CF4F670C444D}.Release|Any CPU.ActiveCfg = Release|Any CPU
		{C6682F93-E6B6-45AA-9842-CF4F670C444D}.Release|Any CPU.Build.0 = Release|Any CPU
		{0A6CD27B-DF4D-4D2F-ABF0-C273622CF745}.Debug|Any CPU.ActiveCfg = Debug|Any CPU
		{0A6CD27B-DF4D-4D2F-ABF0-C273622CF745}.Debug|Any CPU.Build.0 = Debug|Any CPU
		{0A6CD27B-DF4D-4D2F-ABF0-C273622CF745}.Release|Any CPU.ActiveCfg = Release|Any CPU
		{0A6CD27B-DF4D-4D2F-ABF0-C273622CF745}.Release|Any CPU.Build.0 = Release|Any CPU
		{5E86468E-7D83-4DB0-917E-6761810F675B}.Debug|Any CPU.ActiveCfg = Debug|Any CPU
		{5E86468E-7D83-4DB0-917E-6761810F675B}.Debug|Any CPU.Build.0 = Debug|Any CPU
		{5E86468E-7D83-4DB0-917E-6761810F675B}.Release|Any CPU.ActiveCfg = Release|Any CPU
		{5E86468E-7D83-4DB0-917E-6761810F675B}.Release|Any CPU.Build.0 = Release|Any CPU
		{E4D886F2-D5DB-4EE3-AE54-7684FAB4CC9B}.Debug|Any CPU.ActiveCfg = Debug|Any CPU
		{E4D886F2-D5DB-4EE3-AE54-7684FAB4CC9B}.Debug|Any CPU.Build.0 = Debug|Any CPU
		{E4D886F2-D5DB-4EE3-AE54-7684FAB4CC9B}.Release|Any CPU.ActiveCfg = Release|Any CPU
		{E4D886F2-D5DB-4EE3-AE54-7684FAB4CC9B}.Release|Any CPU.Build.0 = Release|Any CPU
		{B962BCBB-CD7E-460B-960A-16E618A1982A}.Debug|Any CPU.ActiveCfg = Debug|Any CPU
		{B962BCBB-CD7E-460B-960A-16E618A1982A}.Debug|Any CPU.Build.0 = Debug|Any CPU
		{B962BCBB-CD7E-460B-960A-16E618A1982A}.Release|Any CPU.ActiveCfg = Release|Any CPU
		{B962BCBB-CD7E-460B-960A-16E618A1982A}.Release|Any CPU.Build.0 = Release|Any CPU
		{F465C887-2474-44EF-BD83-5D31DF8EB435}.Debug|Any CPU.ActiveCfg = Debug|Any CPU
		{F465C887-2474-44EF-BD83-5D31DF8EB435}.Debug|Any CPU.Build.0 = Debug|Any CPU
		{F465C887-2474-44EF-BD83-5D31DF8EB435}.Release|Any CPU.ActiveCfg = Release|Any CPU
		{F465C887-2474-44EF-BD83-5D31DF8EB435}.Release|Any CPU.Build.0 = Release|Any CPU
		{C2002D70-A632-4146-891E-A91EDA745766}.Debug|Any CPU.ActiveCfg = Debug|Any CPU
		{C2002D70-A632-4146-891E-A91EDA745766}.Debug|Any CPU.Build.0 = Debug|Any CPU
		{C2002D70-A632-4146-891E-A91EDA745766}.Release|Any CPU.ActiveCfg = Release|Any CPU
		{C2002D70-A632-4146-891E-A91EDA745766}.Release|Any CPU.Build.0 = Release|Any CPU
		{5804F320-DBCF-4EBF-B8D5-0A0087BBCC99}.Debug|Any CPU.ActiveCfg = Debug|Any CPU
		{5804F320-DBCF-4EBF-B8D5-0A0087BBCC99}.Debug|Any CPU.Build.0 = Debug|Any CPU
		{5804F320-DBCF-4EBF-B8D5-0A0087BBCC99}.Release|Any CPU.ActiveCfg = Release|Any CPU
		{5804F320-DBCF-4EBF-B8D5-0A0087BBCC99}.Release|Any CPU.Build.0 = Release|Any CPU
		{994CEC5A-73E1-4653-BD4B-117F7ACC316D}.Debug|Any CPU.ActiveCfg = Debug|Any CPU
		{994CEC5A-73E1-4653-BD4B-117F7ACC316D}.Debug|Any CPU.Build.0 = Debug|Any CPU
		{994CEC5A-73E1-4653-BD4B-117F7ACC316D}.Release|Any CPU.ActiveCfg = Release|Any CPU
		{994CEC5A-73E1-4653-BD4B-117F7ACC316D}.Release|Any CPU.Build.0 = Release|Any CPU
		{E0B9DF17-D884-47BE-B824-3D2A36B5FD03}.Debug|Any CPU.ActiveCfg = Debug|Any CPU
		{E0B9DF17-D884-47BE-B824-3D2A36B5FD03}.Debug|Any CPU.Build.0 = Debug|Any CPU
		{E0B9DF17-D884-47BE-B824-3D2A36B5FD03}.Release|Any CPU.ActiveCfg = Release|Any CPU
		{E0B9DF17-D884-47BE-B824-3D2A36B5FD03}.Release|Any CPU.Build.0 = Release|Any CPU
		{82070DC4-AF0E-4334-AE2C-BD441CE0CF40}.Debug|Any CPU.ActiveCfg = Debug|Any CPU
		{82070DC4-AF0E-4334-AE2C-BD441CE0CF40}.Debug|Any CPU.Build.0 = Debug|Any CPU
		{82070DC4-AF0E-4334-AE2C-BD441CE0CF40}.Release|Any CPU.ActiveCfg = Release|Any CPU
		{82070DC4-AF0E-4334-AE2C-BD441CE0CF40}.Release|Any CPU.Build.0 = Release|Any CPU
		{4EDFD002-9950-4349-B2D4-B6411BD773DD}.Debug|Any CPU.ActiveCfg = Debug|Any CPU
		{4EDFD002-9950-4349-B2D4-B6411BD773DD}.Debug|Any CPU.Build.0 = Debug|Any CPU
		{4EDFD002-9950-4349-B2D4-B6411BD773DD}.Release|Any CPU.ActiveCfg = Release|Any CPU
		{4EDFD002-9950-4349-B2D4-B6411BD773DD}.Release|Any CPU.Build.0 = Release|Any CPU
		{9C13BD3D-6539-465D-B660-0451BC8765BC}.Debug|Any CPU.ActiveCfg = Debug|Any CPU
		{9C13BD3D-6539-465D-B660-0451BC8765BC}.Debug|Any CPU.Build.0 = Debug|Any CPU
		{9C13BD3D-6539-465D-B660-0451BC8765BC}.Release|Any CPU.ActiveCfg = Release|Any CPU
		{9C13BD3D-6539-465D-B660-0451BC8765BC}.Release|Any CPU.Build.0 = Release|Any CPU
		{6550DAD7-F4C1-4BF5-8AB1-A4533DBCBE68}.Debug|Any CPU.ActiveCfg = Debug|Any CPU
		{6550DAD7-F4C1-4BF5-8AB1-A4533DBCBE68}.Debug|Any CPU.Build.0 = Debug|Any CPU
		{6550DAD7-F4C1-4BF5-8AB1-A4533DBCBE68}.Release|Any CPU.ActiveCfg = Release|Any CPU
		{6550DAD7-F4C1-4BF5-8AB1-A4533DBCBE68}.Release|Any CPU.Build.0 = Release|Any CPU
		{0C6CF580-15AE-4508-B11D-01DEB8D55173}.Debug|Any CPU.ActiveCfg = Debug|Any CPU
		{0C6CF580-15AE-4508-B11D-01DEB8D55173}.Debug|Any CPU.Build.0 = Debug|Any CPU
		{0C6CF580-15AE-4508-B11D-01DEB8D55173}.Release|Any CPU.ActiveCfg = Release|Any CPU
		{0C6CF580-15AE-4508-B11D-01DEB8D55173}.Release|Any CPU.Build.0 = Release|Any CPU
		{DE3AAD8A-56C6-4BC2-89C3-D12535C0949D}.Debug|Any CPU.ActiveCfg = Debug|Any CPU
		{DE3AAD8A-56C6-4BC2-89C3-D12535C0949D}.Debug|Any CPU.Build.0 = Debug|Any CPU
		{DE3AAD8A-56C6-4BC2-89C3-D12535C0949D}.Release|Any CPU.ActiveCfg = Release|Any CPU
		{DE3AAD8A-56C6-4BC2-89C3-D12535C0949D}.Release|Any CPU.Build.0 = Release|Any CPU
		{0F2BE800-92B5-4B08-BBFF-A5DE237BD089}.Debug|Any CPU.ActiveCfg = Debug|Any CPU
		{0F2BE800-92B5-4B08-BBFF-A5DE237BD089}.Debug|Any CPU.Build.0 = Debug|Any CPU
		{0F2BE800-92B5-4B08-BBFF-A5DE237BD089}.Release|Any CPU.ActiveCfg = Release|Any CPU
		{0F2BE800-92B5-4B08-BBFF-A5DE237BD089}.Release|Any CPU.Build.0 = Release|Any CPU
		{B4CF4C97-D59D-4D54-84F0-6E7C37AFB8AB}.Debug|Any CPU.ActiveCfg = Debug|Any CPU
		{B4CF4C97-D59D-4D54-84F0-6E7C37AFB8AB}.Debug|Any CPU.Build.0 = Debug|Any CPU
		{B4CF4C97-D59D-4D54-84F0-6E7C37AFB8AB}.Release|Any CPU.ActiveCfg = Release|Any CPU
		{B4CF4C97-D59D-4D54-84F0-6E7C37AFB8AB}.Release|Any CPU.Build.0 = Release|Any CPU
	EndGlobalSection
	GlobalSection(SolutionProperties) = preSolution
		HideSolutionNode = FALSE
	EndGlobalSection
	GlobalSection(NestedProjects) = preSolution
		{8DFEA93C-1CC1-4B12-BFBA-D1C9B1566EEA} = {18FA347E-39EB-4287-8566-FAACF81A2E22}
		{8D69C735-FBDC-4468-BEE3-C42E9414FF5A} = {18FA347E-39EB-4287-8566-FAACF81A2E22}
		{8F9B8922-3CA2-4284-94E7-5B2A93BB3FDB} = {99160DC0-740E-498E-82D2-91EB7CB29AD2}
		{40D229BF-5034-44FC-9056-39B79AC86EEB} = {99160DC0-740E-498E-82D2-91EB7CB29AD2}
		{330851F7-E6E1-47CA-B87E-4E82C2634522} = {652D6340-AEAB-4150-9EDA-4C52FC956B91}
		{A8D58612-D555-41C5-9084-EC87EFDA48EC} = {652D6340-AEAB-4150-9EDA-4C52FC956B91}
		{69382E74-0C82-4F30-9637-3CA5CC5D46DB} = {C61A79DC-3993-47E2-BEA3-8111EF8DD58A}
		{E5B293C6-DDB3-4028-B4D9-DB45E3B5A430} = {C61A79DC-3993-47E2-BEA3-8111EF8DD58A}
		{90C81732-D5B6-47D4-A00F-DFFE34E92683} = {A7113732-EF8F-4352-B108-8419466020B2}
		{673AED22-470C-421D-872F-83275C06ED83} = {6827BF56-B678-4FCA-9DB1-E9B67AC7AF1D}
		{28097E31-BD98-41D5-8C46-3DDBC9E9F404} = {6827BF56-B678-4FCA-9DB1-E9B67AC7AF1D}
		{B4079278-081D-445E-9C51-64F8F3EDCFD3} = {CF0C3E26-D2BF-4F2D-BE8F-6192DEA69D9C}
		{F346BF7E-5A76-4098-B8F8-AEA067A64730} = {CF0C3E26-D2BF-4F2D-BE8F-6192DEA69D9C}
		{1214557A-DC04-444D-B7AE-AE57667FA963} = {2C57F240-C78D-4828-8383-68E7926D38B9}
		{0621B07C-D376-4DE0-83E3-C6A9E2C3B68D} = {2C57F240-C78D-4828-8383-68E7926D38B9}
		{820E89E3-7171-4865-BA56-64E071E5FE0B} = {78792446-84E5-4682-A0A1-4475BF8F62CA}
		{4C66395A-A31B-4A0A-B07C-699F7493DC5D} = {78792446-84E5-4682-A0A1-4475BF8F62CA}
		{DFA45A17-674A-492A-9A22-334123697E05} = {A7113732-EF8F-4352-B108-8419466020B2}
		{9F3249A5-ED21-4DC0-A571-32AD748A317C} = {8E38AA6C-C9BE-4D2B-AFBD-7E0BC056A368}
		{3CBC284E-F413-44A6-9347-FEF4EF2A9E49} = {8E38AA6C-C9BE-4D2B-AFBD-7E0BC056A368}
		{0D6CE28B-8B0D-4290-9DEF-AA62CA186008} = {449CF71C-25A7-4659-B3EF-501800D6F1BD}
		{C6682F93-E6B6-45AA-9842-CF4F670C444D} = {449CF71C-25A7-4659-B3EF-501800D6F1BD}
		{0A6CD27B-DF4D-4D2F-ABF0-C273622CF745} = {8E7EB415-F54D-41BF-A418-FCB4D03C3B67}
		{5E86468E-7D83-4DB0-917E-6761810F675B} = {8E7EB415-F54D-41BF-A418-FCB4D03C3B67}
		{E4D886F2-D5DB-4EE3-AE54-7684FAB4CC9B} = {8E7EB415-F54D-41BF-A418-FCB4D03C3B67}
		{B962BCBB-CD7E-460B-960A-16E618A1982A} = {8E7EB415-F54D-41BF-A418-FCB4D03C3B67}
		{F465C887-2474-44EF-BD83-5D31DF8EB435} = {B651FF06-8DC4-4A7C-9DFA-6D6E83E98E2B}
		{C2002D70-A632-4146-891E-A91EDA745766} = {B651FF06-8DC4-4A7C-9DFA-6D6E83E98E2B}
		{5804F320-DBCF-4EBF-B8D5-0A0087BBCC99} = {8E7EB415-F54D-41BF-A418-FCB4D03C3B67}
		{994CEC5A-73E1-4653-BD4B-117F7ACC316D} = {43099A48-F006-4E3D-AC6E-B1846143E760}
		{E0B9DF17-D884-47BE-B824-3D2A36B5FD03} = {EAF55CA1-D02B-4DBC-8504-10DD4A9344E1}
		{E669F14D-1C5B-478D-9CA8-3A4D4735807B} = {43099A48-F006-4E3D-AC6E-B1846143E760}
		{82070DC4-AF0E-4334-AE2C-BD441CE0CF40} = {E669F14D-1C5B-478D-9CA8-3A4D4735807B}
		{4EDFD002-9950-4349-B2D4-B6411BD773DD} = {E669F14D-1C5B-478D-9CA8-3A4D4735807B}
		{9C13BD3D-6539-465D-B660-0451BC8765BC} = {E669F14D-1C5B-478D-9CA8-3A4D4735807B}
		{6550DAD7-F4C1-4BF5-8AB1-A4533DBCBE68} = {E669F14D-1C5B-478D-9CA8-3A4D4735807B}
		{740A93CE-E48C-46F2-9C95-5A571051670A} = {43099A48-F006-4E3D-AC6E-B1846143E760}
		{0C6CF580-15AE-4508-B11D-01DEB8D55173} = {740A93CE-E48C-46F2-9C95-5A571051670A}
		{DE3AAD8A-56C6-4BC2-89C3-D12535C0949D} = {0BB9ACB4-A330-42BE-A458-A63D004A11C4}
		{0F2BE800-92B5-4B08-BBFF-A5DE237BD089} = {EEABF58B-400F-4FBE-A7C0-AB919B31C1E6}
		{B4CF4C97-D59D-4D54-84F0-6E7C37AFB8AB} = {578EB4F0-936D-454B-914F-1F1FAD983204}
	EndGlobalSection
	GlobalSection(ExtensibilityGlobals) = postSolution
		SolutionGuid = {7650AA12-5E02-4CF8-86A3-26D5F1891EC2}
	EndGlobalSection
EndGlobal
